// !$*UTF8*$!
{
	archiveVersion = 1;
	classes = {
	};
	objectVersion = 50;
	objects = {

/* Begin PBXBuildFile section */
		CC58E558237F921E001AE0D3 /* TrayComponent.swift in Sources */ = {isa = PBXBuildFile; fileRef = CC58E557237F921E001AE0D3 /* TrayComponent.swift */; };
		CC58E55A237FA0C0001AE0D3 /* PlayerScoreComponent.swift in Sources */ = {isa = PBXBuildFile; fileRef = CC58E559237FA0C0001AE0D3 /* PlayerScoreComponent.swift */; };
		CC58E55C237FA15C001AE0D3 /* PlayerScoreSystem.swift in Sources */ = {isa = PBXBuildFile; fileRef = CC58E55B237FA15C001AE0D3 /* PlayerScoreSystem.swift */; };
		CCC418F62377F89E001A48C6 /* AppDelegate.swift in Sources */ = {isa = PBXBuildFile; fileRef = CCC418F52377F89E001A48C6 /* AppDelegate.swift */; };
		CCC418F82377F89E001A48C6 /* art.scnassets in Resources */ = {isa = PBXBuildFile; fileRef = CCC418F72377F89E001A48C6 /* art.scnassets */; };
		CCC418FA2377F89E001A48C6 /* GameViewController.swift in Sources */ = {isa = PBXBuildFile; fileRef = CCC418F92377F89E001A48C6 /* GameViewController.swift */; };
		CCC418FD2377F89E001A48C6 /* Main.storyboard in Resources */ = {isa = PBXBuildFile; fileRef = CCC418FB2377F89E001A48C6 /* Main.storyboard */; };
		CCC418FF2377F8A1001A48C6 /* Assets.xcassets in Resources */ = {isa = PBXBuildFile; fileRef = CCC418FE2377F8A1001A48C6 /* Assets.xcassets */; };
		CCC419022377F8A1001A48C6 /* LaunchScreen.storyboard in Resources */ = {isa = PBXBuildFile; fileRef = CCC419002377F8A1001A48C6 /* LaunchScreen.storyboard */; };
		CCC4190B2377F905001A48C6 /* Game.swift in Sources */ = {isa = PBXBuildFile; fileRef = CCC4190A2377F905001A48C6 /* Game.swift */; };
		CCC4190D2378C0F7001A48C6 /* GeometryComponent.swift in Sources */ = {isa = PBXBuildFile; fileRef = CCC4190C2378C0F7001A48C6 /* GeometryComponent.swift */; };
		CCC419102378C4AB001A48C6 /* MoveComponentComponent.swift in Sources */ = {isa = PBXBuildFile; fileRef = CCC4190F2378C4AB001A48C6 /* MoveComponentComponent.swift */; };
		CCC419122378CB9A001A48C6 /* PlayerControlComponent.swift in Sources */ = {isa = PBXBuildFile; fileRef = CCC419112378CB9A001A48C6 /* PlayerControlComponent.swift */; };
		CCC419142378D714001A48C6 /* CameraControlComponent.swift in Sources */ = {isa = PBXBuildFile; fileRef = CCC419132378D714001A48C6 /* CameraControlComponent.swift */; };
		CCC419172378E05F001A48C6 /* MakePlayerControllerExtension.swift in Sources */ = {isa = PBXBuildFile; fileRef = CCC419162378E05F001A48C6 /* MakePlayerControllerExtension.swift */; };
		CCC4191A2378F6FC001A48C6 /* PlayerControlSystem.swift in Sources */ = {isa = PBXBuildFile; fileRef = CCC419192378F6FC001A48C6 /* PlayerControlSystem.swift */; };
		CCC4191C2379087F001A48C6 /* SCNVector3Extension.swift in Sources */ = {isa = PBXBuildFile; fileRef = CCC4191B2379087F001A48C6 /* SCNVector3Extension.swift */; };
		CCC4191E23794675001A48C6 /* GamePhysicsHandleExtension.swift in Sources */ = {isa = PBXBuildFile; fileRef = CCC4191D23794675001A48C6 /* GamePhysicsHandleExtension.swift */; };
/* End PBXBuildFile section */

/* Begin PBXFileReference section */
		CC58E557237F921E001AE0D3 /* TrayComponent.swift */ = {isa = PBXFileReference; lastKnownFileType = sourcecode.swift; path = TrayComponent.swift; sourceTree = "<group>"; };
		CC58E559237FA0C0001AE0D3 /* PlayerScoreComponent.swift */ = {isa = PBXFileReference; lastKnownFileType = sourcecode.swift; path = PlayerScoreComponent.swift; sourceTree = "<group>"; };
		CC58E55B237FA15C001AE0D3 /* PlayerScoreSystem.swift */ = {isa = PBXFileReference; lastKnownFileType = sourcecode.swift; path = PlayerScoreSystem.swift; sourceTree = "<group>"; };
		CCC418F22377F89E001A48C6 /* ShopStack.app */ = {isa = PBXFileReference; explicitFileType = wrapper.application; includeInIndex = 0; path = ShopStack.app; sourceTree = BUILT_PRODUCTS_DIR; };
		CCC418F52377F89E001A48C6 /* AppDelegate.swift */ = {isa = PBXFileReference; lastKnownFileType = sourcecode.swift; path = AppDelegate.swift; sourceTree = "<group>"; };
		CCC418F72377F89E001A48C6 /* art.scnassets */ = {isa = PBXFileReference; lastKnownFileType = wrapper.scnassets; path = art.scnassets; sourceTree = "<group>"; };
		CCC418F92377F89E001A48C6 /* GameViewController.swift */ = {isa = PBXFileReference; lastKnownFileType = sourcecode.swift; path = GameViewController.swift; sourceTree = "<group>"; };
		CCC418FC2377F89E001A48C6 /* Base */ = {isa = PBXFileReference; lastKnownFileType = file.storyboard; name = Base; path = Base.lproj/Main.storyboard; sourceTree = "<group>"; };
		CCC418FE2377F8A1001A48C6 /* Assets.xcassets */ = {isa = PBXFileReference; lastKnownFileType = folder.assetcatalog; path = Assets.xcassets; sourceTree = "<group>"; };
		CCC419012377F8A1001A48C6 /* Base */ = {isa = PBXFileReference; lastKnownFileType = file.storyboard; name = Base; path = Base.lproj/LaunchScreen.storyboard; sourceTree = "<group>"; };
		CCC419032377F8A1001A48C6 /* Info.plist */ = {isa = PBXFileReference; lastKnownFileType = text.plist.xml; path = Info.plist; sourceTree = "<group>"; };
		CCC4190A2377F905001A48C6 /* Game.swift */ = {isa = PBXFileReference; lastKnownFileType = sourcecode.swift; path = Game.swift; sourceTree = "<group>"; };
		CCC4190C2378C0F7001A48C6 /* GeometryComponent.swift */ = {isa = PBXFileReference; lastKnownFileType = sourcecode.swift; path = GeometryComponent.swift; sourceTree = "<group>"; };
		CCC4190F2378C4AB001A48C6 /* MoveComponentComponent.swift */ = {isa = PBXFileReference; lastKnownFileType = sourcecode.swift; path = MoveComponentComponent.swift; sourceTree = "<group>"; };
		CCC419112378CB9A001A48C6 /* PlayerControlComponent.swift */ = {isa = PBXFileReference; lastKnownFileType = sourcecode.swift; path = PlayerControlComponent.swift; sourceTree = "<group>"; };
		CCC419132378D714001A48C6 /* CameraControlComponent.swift */ = {isa = PBXFileReference; lastKnownFileType = sourcecode.swift; path = CameraControlComponent.swift; sourceTree = "<group>"; };
		CCC419162378E05F001A48C6 /* MakePlayerControllerExtension.swift */ = {isa = PBXFileReference; lastKnownFileType = sourcecode.swift; path = MakePlayerControllerExtension.swift; sourceTree = "<group>"; };
		CCC419192378F6FC001A48C6 /* PlayerControlSystem.swift */ = {isa = PBXFileReference; lastKnownFileType = sourcecode.swift; path = PlayerControlSystem.swift; sourceTree = "<group>"; };
		CCC4191B2379087F001A48C6 /* SCNVector3Extension.swift */ = {isa = PBXFileReference; lastKnownFileType = sourcecode.swift; path = SCNVector3Extension.swift; sourceTree = "<group>"; };
		CCC4191D23794675001A48C6 /* GamePhysicsHandleExtension.swift */ = {isa = PBXFileReference; lastKnownFileType = sourcecode.swift; path = GamePhysicsHandleExtension.swift; sourceTree = "<group>"; };
/* End PBXFileReference section */

/* Begin PBXFrameworksBuildPhase section */
		CCC418EF2377F89E001A48C6 /* Frameworks */ = {
			isa = PBXFrameworksBuildPhase;
			buildActionMask = 2147483647;
			files = (
			);
			runOnlyForDeploymentPostprocessing = 0;
		};
/* End PBXFrameworksBuildPhase section */

/* Begin PBXGroup section */
		CCC418E92377F89E001A48C6 = {
			isa = PBXGroup;
			children = (
				CCC418F42377F89E001A48C6 /* ShopStack */,
				CCC418F32377F89E001A48C6 /* Products */,
			);
			sourceTree = "<group>";
		};
		CCC418F32377F89E001A48C6 /* Products */ = {
			isa = PBXGroup;
			children = (
				CCC418F22377F89E001A48C6 /* ShopStack.app */,
			);
			name = Products;
			sourceTree = "<group>";
		};
		CCC418F42377F89E001A48C6 /* ShopStack */ = {
			isa = PBXGroup;
			children = (
				CCC419182378F6E7001A48C6 /* Systems */,
				CCC419152378E01C001A48C6 /* Extensions */,
				CCC419092377F8B5001A48C6 /* Components */,
				CCC418F52377F89E001A48C6 /* AppDelegate.swift */,
				CCC418F72377F89E001A48C6 /* art.scnassets */,
				CCC418F92377F89E001A48C6 /* GameViewController.swift */,
				CCC418FB2377F89E001A48C6 /* Main.storyboard */,
				CCC418FE2377F8A1001A48C6 /* Assets.xcassets */,
				CCC419002377F8A1001A48C6 /* LaunchScreen.storyboard */,
				CCC419032377F8A1001A48C6 /* Info.plist */,
				CCC4190A2377F905001A48C6 /* Game.swift */,
			);
			path = ShopStack;
			sourceTree = "<group>";
		};
		CCC419092377F8B5001A48C6 /* Components */ = {
			isa = PBXGroup;
			children = (
				CCC4190C2378C0F7001A48C6 /* GeometryComponent.swift */,
				CCC4190F2378C4AB001A48C6 /* MoveComponentComponent.swift */,
				CCC419112378CB9A001A48C6 /* PlayerControlComponent.swift */,
				CCC419132378D714001A48C6 /* CameraControlComponent.swift */,
				CC58E557237F921E001AE0D3 /* TrayComponent.swift */,
				CC58E559237FA0C0001AE0D3 /* PlayerScoreComponent.swift */,
			);
			path = Components;
			sourceTree = "<group>";
		};
		CCC419152378E01C001A48C6 /* Extensions */ = {
			isa = PBXGroup;
			children = (
				CCC419162378E05F001A48C6 /* MakePlayerControllerExtension.swift */,
				CCC4191B2379087F001A48C6 /* SCNVector3Extension.swift */,
				CCC4191D23794675001A48C6 /* GamePhysicsHandleExtension.swift */,
			);
			path = Extensions;
			sourceTree = "<group>";
		};
		CCC419182378F6E7001A48C6 /* Systems */ = {
			isa = PBXGroup;
			children = (
				CCC419192378F6FC001A48C6 /* PlayerControlSystem.swift */,
				CC58E55B237FA15C001AE0D3 /* PlayerScoreSystem.swift */,
			);
			path = Systems;
			sourceTree = "<group>";
		};
/* End PBXGroup section */

/* Begin PBXNativeTarget section */
		CCC418F12377F89E001A48C6 /* ShopStack */ = {
			isa = PBXNativeTarget;
			buildConfigurationList = CCC419062377F8A1001A48C6 /* Build configuration list for PBXNativeTarget "ShopStack" */;
			buildPhases = (
				CCC418EE2377F89E001A48C6 /* Sources */,
				CCC418EF2377F89E001A48C6 /* Frameworks */,
				CCC418F02377F89E001A48C6 /* Resources */,
			);
			buildRules = (
			);
			dependencies = (
			);
			name = ShopStack;
			productName = ShopStack;
			productReference = CCC418F22377F89E001A48C6 /* ShopStack.app */;
			productType = "com.apple.product-type.application";
		};
/* End PBXNativeTarget section */

/* Begin PBXProject section */
		CCC418EA2377F89E001A48C6 /* Project object */ = {
			isa = PBXProject;
			attributes = {
				LastSwiftUpdateCheck = 1110;
				LastUpgradeCheck = 1110;
				ORGANIZATIONNAME = "Kinda Cool Stuff";
				TargetAttributes = {
					CCC418F12377F89E001A48C6 = {
						CreatedOnToolsVersion = 11.1;
					};
				};
			};
			buildConfigurationList = CCC418ED2377F89E001A48C6 /* Build configuration list for PBXProject "ShopStack" */;
			compatibilityVersion = "Xcode 9.3";
			developmentRegion = en;
			hasScannedForEncodings = 0;
			knownRegions = (
				en,
				Base,
			);
			mainGroup = CCC418E92377F89E001A48C6;
			productRefGroup = CCC418F32377F89E001A48C6 /* Products */;
			projectDirPath = "";
			projectRoot = "";
			targets = (
				CCC418F12377F89E001A48C6 /* ShopStack */,
			);
		};
/* End PBXProject section */

/* Begin PBXResourcesBuildPhase section */
		CCC418F02377F89E001A48C6 /* Resources */ = {
			isa = PBXResourcesBuildPhase;
			buildActionMask = 2147483647;
			files = (
				CCC418F82377F89E001A48C6 /* art.scnassets in Resources */,
				CCC419022377F8A1001A48C6 /* LaunchScreen.storyboard in Resources */,
				CCC418FF2377F8A1001A48C6 /* Assets.xcassets in Resources */,
				CCC418FD2377F89E001A48C6 /* Main.storyboard in Resources */,
			);
			runOnlyForDeploymentPostprocessing = 0;
		};
/* End PBXResourcesBuildPhase section */

/* Begin PBXSourcesBuildPhase section */
		CCC418EE2377F89E001A48C6 /* Sources */ = {
			isa = PBXSourcesBuildPhase;
			buildActionMask = 2147483647;
			files = (
				CCC418FA2377F89E001A48C6 /* GameViewController.swift in Sources */,
				CCC4191C2379087F001A48C6 /* SCNVector3Extension.swift in Sources */,
				CCC4190D2378C0F7001A48C6 /* GeometryComponent.swift in Sources */,
				CCC4190B2377F905001A48C6 /* Game.swift in Sources */,
				CCC419102378C4AB001A48C6 /* MoveComponentComponent.swift in Sources */,
				CC58E558237F921E001AE0D3 /* TrayComponent.swift in Sources */,
				CCC4191A2378F6FC001A48C6 /* PlayerControlSystem.swift in Sources */,
				CCC419172378E05F001A48C6 /* MakePlayerControllerExtension.swift in Sources */,
				CCC419142378D714001A48C6 /* CameraControlComponent.swift in Sources */,
				CC58E55A237FA0C0001AE0D3 /* PlayerScoreComponent.swift in Sources */,
				CCC4191E23794675001A48C6 /* GamePhysicsHandleExtension.swift in Sources */,
				CCC418F62377F89E001A48C6 /* AppDelegate.swift in Sources */,
				CC58E55C237FA15C001AE0D3 /* PlayerScoreSystem.swift in Sources */,
				CCC419122378CB9A001A48C6 /* PlayerControlComponent.swift in Sources */,
			);
			runOnlyForDeploymentPostprocessing = 0;
		};
/* End PBXSourcesBuildPhase section */

/* Begin PBXVariantGroup section */
		CCC418FB2377F89E001A48C6 /* Main.storyboard */ = {
			isa = PBXVariantGroup;
			children = (
				CCC418FC2377F89E001A48C6 /* Base */,
			);
			name = Main.storyboard;
			sourceTree = "<group>";
		};
		CCC419002377F8A1001A48C6 /* LaunchScreen.storyboard */ = {
			isa = PBXVariantGroup;
			children = (
				CCC419012377F8A1001A48C6 /* Base */,
			);
			name = LaunchScreen.storyboard;
			sourceTree = "<group>";
		};
/* End PBXVariantGroup section */

/* Begin XCBuildConfiguration section */
		CCC419042377F8A1001A48C6 /* Debug */ = {
			isa = XCBuildConfiguration;
			buildSettings = {
				ALWAYS_SEARCH_USER_PATHS = NO;
				CLANG_ANALYZER_NONNULL = YES;
				CLANG_ANALYZER_NUMBER_OBJECT_CONVERSION = YES_AGGRESSIVE;
				CLANG_CXX_LANGUAGE_STANDARD = "gnu++14";
				CLANG_CXX_LIBRARY = "libc++";
				CLANG_ENABLE_MODULES = YES;
				CLANG_ENABLE_OBJC_ARC = YES;
				CLANG_ENABLE_OBJC_WEAK = YES;
				CLANG_WARN_BLOCK_CAPTURE_AUTORELEASING = YES;
				CLANG_WARN_BOOL_CONVERSION = YES;
				CLANG_WARN_COMMA = YES;
				CLANG_WARN_CONSTANT_CONVERSION = YES;
				CLANG_WARN_DEPRECATED_OBJC_IMPLEMENTATIONS = YES;
				CLANG_WARN_DIRECT_OBJC_ISA_USAGE = YES_ERROR;
				CLANG_WARN_DOCUMENTATION_COMMENTS = YES;
				CLANG_WARN_EMPTY_BODY = YES;
				CLANG_WARN_ENUM_CONVERSION = YES;
				CLANG_WARN_INFINITE_RECURSION = YES;
				CLANG_WARN_INT_CONVERSION = YES;
				CLANG_WARN_NON_LITERAL_NULL_CONVERSION = YES;
				CLANG_WARN_OBJC_IMPLICIT_RETAIN_SELF = YES;
				CLANG_WARN_OBJC_LITERAL_CONVERSION = YES;
				CLANG_WARN_OBJC_ROOT_CLASS = YES_ERROR;
				CLANG_WARN_RANGE_LOOP_ANALYSIS = YES;
				CLANG_WARN_STRICT_PROTOTYPES = YES;
				CLANG_WARN_SUSPICIOUS_MOVE = YES;
				CLANG_WARN_UNGUARDED_AVAILABILITY = YES_AGGRESSIVE;
				CLANG_WARN_UNREACHABLE_CODE = YES;
				CLANG_WARN__DUPLICATE_METHOD_MATCH = YES;
				COPY_PHASE_STRIP = NO;
				DEBUG_INFORMATION_FORMAT = dwarf;
				ENABLE_STRICT_OBJC_MSGSEND = YES;
				ENABLE_TESTABILITY = YES;
				GCC_C_LANGUAGE_STANDARD = gnu11;
				GCC_DYNAMIC_NO_PIC = NO;
				GCC_NO_COMMON_BLOCKS = YES;
				GCC_OPTIMIZATION_LEVEL = 0;
				GCC_PREPROCESSOR_DEFINITIONS = (
					"DEBUG=1",
					"$(inherited)",
				);
				GCC_WARN_64_TO_32_BIT_CONVERSION = YES;
				GCC_WARN_ABOUT_RETURN_TYPE = YES_ERROR;
				GCC_WARN_UNDECLARED_SELECTOR = YES;
				GCC_WARN_UNINITIALIZED_AUTOS = YES_AGGRESSIVE;
				GCC_WARN_UNUSED_FUNCTION = YES;
				GCC_WARN_UNUSED_VARIABLE = YES;
				IPHONEOS_DEPLOYMENT_TARGET = 13.1;
				MTL_ENABLE_DEBUG_INFO = INCLUDE_SOURCE;
				MTL_FAST_MATH = YES;
				ONLY_ACTIVE_ARCH = YES;
				SDKROOT = iphoneos;
				SWIFT_ACTIVE_COMPILATION_CONDITIONS = DEBUG;
				SWIFT_OPTIMIZATION_LEVEL = "-Onone";
			};
			name = Debug;
		};
		CCC419052377F8A1001A48C6 /* Release */ = {
			isa = XCBuildConfiguration;
			buildSettings = {
				ALWAYS_SEARCH_USER_PATHS = NO;
				CLANG_ANALYZER_NONNULL = YES;
				CLANG_ANALYZER_NUMBER_OBJECT_CONVERSION = YES_AGGRESSIVE;
				CLANG_CXX_LANGUAGE_STANDARD = "gnu++14";
				CLANG_CXX_LIBRARY = "libc++";
				CLANG_ENABLE_MODULES = YES;
				CLANG_ENABLE_OBJC_ARC = YES;
				CLANG_ENABLE_OBJC_WEAK = YES;
				CLANG_WARN_BLOCK_CAPTURE_AUTORELEASING = YES;
				CLANG_WARN_BOOL_CONVERSION = YES;
				CLANG_WARN_COMMA = YES;
				CLANG_WARN_CONSTANT_CONVERSION = YES;
				CLANG_WARN_DEPRECATED_OBJC_IMPLEMENTATIONS = YES;
				CLANG_WARN_DIRECT_OBJC_ISA_USAGE = YES_ERROR;
				CLANG_WARN_DOCUMENTATION_COMMENTS = YES;
				CLANG_WARN_EMPTY_BODY = YES;
				CLANG_WARN_ENUM_CONVERSION = YES;
				CLANG_WARN_INFINITE_RECURSION = YES;
				CLANG_WARN_INT_CONVERSION = YES;
				CLANG_WARN_NON_LITERAL_NULL_CONVERSION = YES;
				CLANG_WARN_OBJC_IMPLICIT_RETAIN_SELF = YES;
				CLANG_WARN_OBJC_LITERAL_CONVERSION = YES;
				CLANG_WARN_OBJC_ROOT_CLASS = YES_ERROR;
				CLANG_WARN_RANGE_LOOP_ANALYSIS = YES;
				CLANG_WARN_STRICT_PROTOTYPES = YES;
				CLANG_WARN_SUSPICIOUS_MOVE = YES;
				CLANG_WARN_UNGUARDED_AVAILABILITY = YES_AGGRESSIVE;
				CLANG_WARN_UNREACHABLE_CODE = YES;
				CLANG_WARN__DUPLICATE_METHOD_MATCH = YES;
				COPY_PHASE_STRIP = NO;
				DEBUG_INFORMATION_FORMAT = "dwarf-with-dsym";
				ENABLE_NS_ASSERTIONS = NO;
				ENABLE_STRICT_OBJC_MSGSEND = YES;
				GCC_C_LANGUAGE_STANDARD = gnu11;
				GCC_NO_COMMON_BLOCKS = YES;
				GCC_WARN_64_TO_32_BIT_CONVERSION = YES;
				GCC_WARN_ABOUT_RETURN_TYPE = YES_ERROR;
				GCC_WARN_UNDECLARED_SELECTOR = YES;
				GCC_WARN_UNINITIALIZED_AUTOS = YES_AGGRESSIVE;
				GCC_WARN_UNUSED_FUNCTION = YES;
				GCC_WARN_UNUSED_VARIABLE = YES;
				IPHONEOS_DEPLOYMENT_TARGET = 13.1;
				MTL_ENABLE_DEBUG_INFO = NO;
				MTL_FAST_MATH = YES;
				SDKROOT = iphoneos;
				SWIFT_COMPILATION_MODE = wholemodule;
				SWIFT_OPTIMIZATION_LEVEL = "-O";
				VALIDATE_PRODUCT = YES;
			};
			name = Release;
		};
		CCC419072377F8A1001A48C6 /* Debug */ = {
			isa = XCBuildConfiguration;
			buildSettings = {
				ASSETCATALOG_COMPILER_APPICON_NAME = AppIcon;
				CODE_SIGN_STYLE = Automatic;
				DEVELOPMENT_TEAM = PRQKEKA677;
				INFOPLIST_FILE = ShopStack/Info.plist;
				LD_RUNPATH_SEARCH_PATHS = (
					"$(inherited)",
					"@executable_path/Frameworks",
				);
				PRODUCT_BUNDLE_IDENTIFIER = kindaCS101.ShopStack;
				PRODUCT_NAME = "$(TARGET_NAME)";
				SWIFT_VERSION = 5.0;
				TARGETED_DEVICE_FAMILY = "1,2";
			};
			name = Debug;
		};
		CCC419082377F8A1001A48C6 /* Release */ = {
			isa = XCBuildConfiguration;
			buildSettings = {
				ASSETCATALOG_COMPILER_APPICON_NAME = AppIcon;
				CODE_SIGN_STYLE = Automatic;
				DEVELOPMENT_TEAM = PRQKEKA677;
				INFOPLIST_FILE = ShopStack/Info.plist;
				LD_RUNPATH_SEARCH_PATHS = (
					"$(inherited)",
					"@executable_path/Frameworks",
				);
				PRODUCT_BUNDLE_IDENTIFIER = kindaCS101.ShopStack;
				PRODUCT_NAME = "$(TARGET_NAME)";
				SWIFT_VERSION = 5.0;
				TARGETED_DEVICE_FAMILY = "1,2";
			};
			name = Release;
		};
/* End XCBuildConfiguration section */

/* Begin XCConfigurationList section */
		CCC418ED2377F89E001A48C6 /* Build configuration list for PBXProject "ShopStack" */ = {
			isa = XCConfigurationList;
			buildConfigurations = (
				CCC419042377F8A1001A48C6 /* Debug */,
				CCC419052377F8A1001A48C6 /* Release */,
			);
			defaultConfigurationIsVisible = 0;
			defaultConfigurationName = Release;
		};
		CCC419062377F8A1001A48C6 /* Build configuration list for PBXNativeTarget "ShopStack" */ = {
			isa = XCConfigurationList;
			buildConfigurations = (
				CCC419072377F8A1001A48C6 /* Debug */,
				CCC419082377F8A1001A48C6 /* Release */,
			);
			defaultConfigurationIsVisible = 0;
			defaultConfigurationName = Release;
		};
/* End XCConfigurationList section */
	};
	rootObject = CCC418EA2377F89E001A48C6 /* Project object */;
}
